
Microsoft Visual Studio Solution File, Format Version 12.00
# Visual Studio Version 16
VisualStudioVersion = 16.0.30611.23
MinimumVisualStudioVersion = 10.0.40219.1
Project("{FAE04EC0-301F-11D3-BF4B-00C04F79EFBC}") = "DLObject", "DAL\DLObject.csproj", "{77C57957-A6CC-4EF8-89BB-5322D6B6232A}"
EndProject
Project("{FAE04EC0-301F-11D3-BF4B-00C04F79EFBC}") = "DLAPI", "DLAPI\DLAPI.csproj", "{D2A3DBC6-56DD-492B-B0C7-1A11D61DF281}"
EndProject
Project("{FAE04EC0-301F-11D3-BF4B-00C04F79EFBC}") = "DS", "DS\DS.csproj", "{D39F2C9E-D26D-4500-BCD1-49F29C44823D}"
EndProject
Project("{FAE04EC0-301F-11D3-BF4B-00C04F79EFBC}") = "UI", "UI\UI.csproj", "{8E80CA2B-D032-4F8A-8882-54D3F49F402E}"
EndProject
Project("{2150E333-8FDC-42A3-9474-1A3956D46DE8}") = "Solution Items", "Solution Items", "{E2AF00E6-8CBC-4A73-8243-1F4C25F82626}"
EndProject
Project("{FAE04EC0-301F-11D3-BF4B-00C04F79EFBC}") = "BL", "BL\BL.csproj", "{A6D7364F-DA8A-4A57-A786-6E8C16632228}"
EndProject
Global
	GlobalSection(SolutionConfigurationPlatforms) = preSolution
		Debug|Any CPU = Debug|Any CPU
		Release|Any CPU = Release|Any CPU
	EndGlobalSection
	GlobalSection(ProjectConfigurationPlatforms) = postSolution
		{77C57957-A6CC-4EF8-89BB-5322D6B6232A}.Debug|Any CPU.ActiveCfg = Debug|Any CPU
		{77C57957-A6CC-4EF8-89BB-5322D6B6232A}.Debug|Any CPU.Build.0 = Debug|Any CPU
		{77C57957-A6CC-4EF8-89BB-5322D6B6232A}.Release|Any CPU.ActiveCfg = Release|Any CPU
		{77C57957-A6CC-4EF8-89BB-5322D6B6232A}.Release|Any CPU.Build.0 = Release|Any CPU
		{D2A3DBC6-56DD-492B-B0C7-1A11D61DF281}.Debug|Any CPU.ActiveCfg = Debug|Any CPU
		{D2A3DBC6-56DD-492B-B0C7-1A11D61DF281}.Debug|Any CPU.Build.0 = Debug|Any CPU
		{D2A3DBC6-56DD-492B-B0C7-1A11D61DF281}.Release|Any CPU.ActiveCfg = Release|Any CPU
		{D2A3DBC6-56DD-492B-B0C7-1A11D61DF281}.Release|Any CPU.Build.0 = Release|Any CPU
		{D39F2C9E-D26D-4500-BCD1-49F29C44823D}.Debug|Any CPU.ActiveCfg = Debug|Any CPU
		{D39F2C9E-D26D-4500-BCD1-49F29C44823D}.Debug|Any CPU.Build.0 = Debug|Any CPU
		{D39F2C9E-D26D-4500-BCD1-49F29C44823D}.Release|Any CPU.ActiveCfg = Release|Any CPU
		{D39F2C9E-D26D-4500-BCD1-49F29C44823D}.Release|Any CPU.Build.0 = Release|Any CPU
		{8E80CA2B-D032-4F8A-8882-54D3F49F402E}.Debug|Any CPU.ActiveCfg = Debug|Any CPU
		{8E80CA2B-D032-4F8A-8882-54D3F49F402E}.Debug|Any CPU.Build.0 = Debug|Any CPU
		{8E80CA2B-D032-4F8A-8882-54D3F49F402E}.Release|Any CPU.ActiveCfg = Release|Any CPU
		{8E80CA2B-D032-4F8A-8882-54D3F49F402E}.Release|Any CPU.Build.0 = Release|Any CPU
		{A6D7364F-DA8A-4A57-A786-6E8C16632228}.Debug|Any CPU.ActiveCfg = Debug|Any CPU
		{A6D7364F-DA8A-4A57-A786-6E8C16632228}.Debug|Any CPU.Build.0 = Debug|Any CPU
		{A6D7364F-DA8A-4A57-A786-6E8C16632228}.Release|Any CPU.ActiveCfg = Release|Any CPU
		{A6D7364F-DA8A-4A57-A786-6E8C16632228}.Release|Any CPU.Build.0 = Release|Any CPU
	EndGlobalSection
	GlobalSection(SolutionProperties) = preSolution
		HideSolutionNode = FALSE
	EndGlobalSection
	GlobalSection(ExtensibilityGlobals) = postSolution
		SolutionGuid = {18AC21FE-8C3F-4FF9-8FE7-B12B13554FCE}
	EndGlobalSection
EndGlobal
